
Microsoft Visual Studio Solution File, Format Version 12.00
# Visual Studio Version 17
VisualStudioVersion = 17.7.34302.85
MinimumVisualStudioVersion = 10.0.40219.1
Project("{9A19103F-16F7-4668-BE54-9A1E7A4F7556}") = "Black.Beard.Workflows.Serializers", "WorkflowSerializers\Black.Beard.Workflows.Serializers.csproj", "{6D0BD607-FCA1-4307-AA0B-A91CCF44A0FA}"
EndProject
Project("{9A19103F-16F7-4668-BE54-9A1E7A4F7556}") = "UnitTestWorkflow", "UnitTestWorkflow\UnitTestWorkflow.csproj", "{432E139A-035C-4279-962F-14E6786FB210}"
EndProject
Project("{9A19103F-16F7-4668-BE54-9A1E7A4F7556}") = "Black.Beard.Workflows.Models", "Black.Beard.Workflows.Models\Black.Beard.Workflows.Models.csproj", "{10E3D484-EEB5-42BF-90A7-EA338B5BE212}"
EndProject
Project("{9A19103F-16F7-4668-BE54-9A1E7A4F7556}") = "Black.Beard.Workflows.Outputs.Mom", "Black.Beard.Workflows.Outputs.Mom\Black.Beard.Workflows.Outputs.Mom.csproj", "{8D0BEC98-6E98-453D-9B52-D81F495BFAAD}"
EndProject
Project("{9A19103F-16F7-4668-BE54-9A1E7A4F7556}") = "Black.Beard.Workflows.AntlrParser", "Black.beard.Workflow.AntlrParser\Black.Beard.Workflows.AntlrParser.csproj", "{FF3B00D6-01F6-4DB2-8C6C-C178079C9FDC}"
EndProject
Project("{2150E333-8FDC-42A3-9474-1A3956D46DE8}") = "Features", "Features", "{60DB3E49-C158-481F-957E-6729E3FFD531}"
EndProject
Project("{2150E333-8FDC-42A3-9474-1A3956D46DE8}") = "Outputs", "Outputs", "{1F3826AC-1A33-46E3-8A80-A10596D43AC7}"
EndProject
Project("{2150E333-8FDC-42A3-9474-1A3956D46DE8}") = "Solution Items", "Solution Items", "{C0D5F1DF-3D13-4307-8CD7-6892BA80B9F3}"
	ProjectSection(SolutionItems) = preProject
		..\README.md = ..\README.md
	EndProjectSection
EndProject
Project("{FAE04EC0-301F-11D3-BF4B-00C04F79EFBC}") = "InstallerLanguageWorkflow", "InstallerLanguageWorkflow\InstallerLanguageWorkflow.csproj", "{23F6AD77-E17E-4C9C-9E50-0B29477F6D2C}"
EndProject
Project("{2150E333-8FDC-42A3-9474-1A3956D46DE8}") = "VisualStudio", "VisualStudio", "{7B8E7BBF-0430-43AE-BCC7-4E721F0AF424}"
EndProject
Project("{2150E333-8FDC-42A3-9474-1A3956D46DE8}") = "Links", "Links", "{51CA10A1-188E-423B-87A5-5A403C0E42EF}"
EndProject
Project("{9A19103F-16F7-4668-BE54-9A1E7A4F7556}") = "Black.Beard.Expressions", "..\..\Black.Beard.Expressions\Src\Black.Beard.Expressions\Black.Beard.Expressions.csproj", "{DBE63B4A-1DF9-4A97-8F69-96704BC8EB25}"
EndProject
Project("{9A19103F-16F7-4668-BE54-9A1E7A4F7556}") = "Black.Beard.Workflows.Outputs.Sql", "Black.Beard.Workflows.Outputs.Sql\Black.Beard.Workflows.Outputs.Sql.csproj", "{28A151E3-A698-4FE7-9B80-476115AD79CF}"
EndProject
Global
	GlobalSection(SolutionConfigurationPlatforms) = preSolution
		Debug|Any CPU = Debug|Any CPU
		Release|Any CPU = Release|Any CPU
	EndGlobalSection
	GlobalSection(ProjectConfigurationPlatforms) = postSolution
		{6D0BD607-FCA1-4307-AA0B-A91CCF44A0FA}.Debug|Any CPU.ActiveCfg = Debug|Any CPU
		{6D0BD607-FCA1-4307-AA0B-A91CCF44A0FA}.Debug|Any CPU.Build.0 = Debug|Any CPU
		{6D0BD607-FCA1-4307-AA0B-A91CCF44A0FA}.Release|Any CPU.ActiveCfg = Release|Any CPU
		{6D0BD607-FCA1-4307-AA0B-A91CCF44A0FA}.Release|Any CPU.Build.0 = Release|Any CPU
		{432E139A-035C-4279-962F-14E6786FB210}.Debug|Any CPU.ActiveCfg = Debug|Any CPU
		{432E139A-035C-4279-962F-14E6786FB210}.Debug|Any CPU.Build.0 = Debug|Any CPU
		{432E139A-035C-4279-962F-14E6786FB210}.Release|Any CPU.ActiveCfg = Release|Any CPU
		{432E139A-035C-4279-962F-14E6786FB210}.Release|Any CPU.Build.0 = Release|Any CPU
		{10E3D484-EEB5-42BF-90A7-EA338B5BE212}.Debug|Any CPU.ActiveCfg = Debug|Any CPU
		{10E3D484-EEB5-42BF-90A7-EA338B5BE212}.Debug|Any CPU.Build.0 = Debug|Any CPU
		{10E3D484-EEB5-42BF-90A7-EA338B5BE212}.Release|Any CPU.ActiveCfg = Release|Any CPU
		{10E3D484-EEB5-42BF-90A7-EA338B5BE212}.Release|Any CPU.Build.0 = Release|Any CPU
		{8D0BEC98-6E98-453D-9B52-D81F495BFAAD}.Debug|Any CPU.ActiveCfg = Debug|Any CPU
		{8D0BEC98-6E98-453D-9B52-D81F495BFAAD}.Debug|Any CPU.Build.0 = Debug|Any CPU
		{8D0BEC98-6E98-453D-9B52-D81F495BFAAD}.Release|Any CPU.ActiveCfg = Release|Any CPU
		{8D0BEC98-6E98-453D-9B52-D81F495BFAAD}.Release|Any CPU.Build.0 = Release|Any CPU
		{FF3B00D6-01F6-4DB2-8C6C-C178079C9FDC}.Debug|Any CPU.ActiveCfg = Debug|Any CPU
		{FF3B00D6-01F6-4DB2-8C6C-C178079C9FDC}.Debug|Any CPU.Build.0 = Debug|Any CPU
		{FF3B00D6-01F6-4DB2-8C6C-C178079C9FDC}.Release|Any CPU.ActiveCfg = Release|Any CPU
		{FF3B00D6-01F6-4DB2-8C6C-C178079C9FDC}.Release|Any CPU.Build.0 = Release|Any CPU
		{23F6AD77-E17E-4C9C-9E50-0B29477F6D2C}.Debug|Any CPU.ActiveCfg = Debug|Any CPU
		{23F6AD77-E17E-4C9C-9E50-0B29477F6D2C}.Debug|Any CPU.Build.0 = Debug|Any CPU
		{23F6AD77-E17E-4C9C-9E50-0B29477F6D2C}.Release|Any CPU.ActiveCfg = Release|Any CPU
		{23F6AD77-E17E-4C9C-9E50-0B29477F6D2C}.Release|Any CPU.Build.0 = Release|Any CPU
		{DBE63B4A-1DF9-4A97-8F69-96704BC8EB25}.Debug|Any CPU.ActiveCfg = Debug|Any CPU
		{DBE63B4A-1DF9-4A97-8F69-96704BC8EB25}.Debug|Any CPU.Build.0 = Debug|Any CPU
		{DBE63B4A-1DF9-4A97-8F69-96704BC8EB25}.Release|Any CPU.ActiveCfg = Release|Any CPU
		{DBE63B4A-1DF9-4A97-8F69-96704BC8EB25}.Release|Any CPU.Build.0 = Release|Any CPU
		{28A151E3-A698-4FE7-9B80-476115AD79CF}.Debug|Any CPU.ActiveCfg = Debug|Any CPU
		{28A151E3-A698-4FE7-9B80-476115AD79CF}.Debug|Any CPU.Build.0 = Debug|Any CPU
		{28A151E3-A698-4FE7-9B80-476115AD79CF}.Release|Any CPU.ActiveCfg = Release|Any CPU
		{28A151E3-A698-4FE7-9B80-476115AD79CF}.Release|Any CPU.Build.0 = Release|Any CPU
	EndGlobalSection
	GlobalSection(SolutionProperties) = preSolution
		HideSolutionNode = FALSE
	EndGlobalSection
	GlobalSection(NestedProjects) = preSolution
		{6D0BD607-FCA1-4307-AA0B-A91CCF44A0FA} = {60DB3E49-C158-481F-957E-6729E3FFD531}
		{8D0BEC98-6E98-453D-9B52-D81F495BFAAD} = {1F3826AC-1A33-46E3-8A80-A10596D43AC7}
		{FF3B00D6-01F6-4DB2-8C6C-C178079C9FDC} = {60DB3E49-C158-481F-957E-6729E3FFD531}
		{1F3826AC-1A33-46E3-8A80-A10596D43AC7} = {60DB3E49-C158-481F-957E-6729E3FFD531}
		{23F6AD77-E17E-4C9C-9E50-0B29477F6D2C} = {7B8E7BBF-0430-43AE-BCC7-4E721F0AF424}
		{DBE63B4A-1DF9-4A97-8F69-96704BC8EB25} = {51CA10A1-188E-423B-87A5-5A403C0E42EF}
		{28A151E3-A698-4FE7-9B80-476115AD79CF} = {1F3826AC-1A33-46E3-8A80-A10596D43AC7}
	EndGlobalSection
	GlobalSection(ExtensibilityGlobals) = postSolution
		SolutionGuid = {50D0DDEB-18EB-4A38-A304-7882FEADD864}
	EndGlobalSection
EndGlobal
